
Microsoft Visual Studio Solution File, Format Version 12.00
# Visual Studio Version 16
VisualStudioVersion = 16.0.30523.141
MinimumVisualStudioVersion = 10.0.40219.1
Project("{FAE04EC0-301F-11D3-BF4B-00C04F79EFBC}") = "ConsoleApp3", "ConsoleApp3\ConsoleApp3.csproj", "{5C024CDB-85E1-44B9-BB9E-EA45A4B58680}"
EndProject
Global
	GlobalSection(SolutionConfigurationPlatforms) = preSolution
		Debug|Any CPU = Debug|Any CPU
		Release|Any CPU = Release|Any CPU
	EndGlobalSection
	GlobalSection(ProjectConfigurationPlatforms) = postSolution
		{5C024CDB-85E1-44B9-BB9E-EA45A4B58680}.Debug|Any CPU.ActiveCfg = Debug|Any CPU
		{5C024CDB-85E1-44B9-BB9E-EA45A4B58680}.Debug|Any CPU.Build.0 = Debug|Any CPU
		{5C024CDB-85E1-44B9-BB9E-EA45A4B58680}.Release|Any CPU.ActiveCfg = Release|Any CPU
		{5C024CDB-85E1-44B9-BB9E-EA45A4B58680}.Release|Any CPU.Build.0 = Release|Any CPU
	EndGlobalSection
	GlobalSection(SolutionProperties) = preSolution
		HideSolutionNode = FALSE
	EndGlobalSection
	GlobalSection(ExtensibilityGlobals) = postSolution
		SolutionGuid = {6999715B-518D-4059-9610-BF708E95D166}
	EndGlobalSection
EndGlobal
